
Microsoft Visual Studio Solution File, Format Version 12.00
# Visual Studio 15
VisualStudioVersion = 15.0.28307.168
MinimumVisualStudioVersion = 10.0.40219.1
Project("{FAE04EC0-301F-11D3-BF4B-00C04F79EFBC}") = "Poker", "Poker\Poker.csproj", "{6A4CC877-0FCE-498F-89B9-74E06C61FB1F}"
EndProject
Global
	GlobalSection(SolutionConfigurationPlatforms) = preSolution
		Debug|Any CPU = Debug|Any CPU
		Release|Any CPU = Release|Any CPU
	EndGlobalSection
	GlobalSection(ProjectConfigurationPlatforms) = postSolution
		{6A4CC877-0FCE-498F-89B9-74E06C61FB1F}.Debug|Any CPU.ActiveCfg = Debug|Any CPU
		{6A4CC877-0FCE-498F-89B9-74E06C61FB1F}.Debug|Any CPU.Build.0 = Debug|Any CPU
		{6A4CC877-0FCE-498F-89B9-74E06C61FB1F}.Release|Any CPU.ActiveCfg = Release|Any CPU
		{6A4CC877-0FCE-498F-89B9-74E06C61FB1F}.Release|Any CPU.Build.0 = Release|Any CPU
	EndGlobalSection
	GlobalSection(SolutionProperties) = preSolution
		HideSolutionNode = FALSE
	EndGlobalSection
	GlobalSection(ExtensibilityGlobals) = postSolution
		SolutionGuid = {493D6742-185E-4CCE-84E5-40F6DFC16838}
	EndGlobalSection
EndGlobal
